
Microsoft Visual Studio Solution File, Format Version 12.00
# Visual Studio Version 16
VisualStudioVersion = 16.0.30320.27
MinimumVisualStudioVersion = 10.0.40219.1
Project("{9A19103F-16F7-4668-BE54-9A1E7A4F7556}") = "Exemplo1", "Exemplo1\Exemplo1.csproj", "{57D27AF3-93A0-4873-A050-88F0D50C9370}"
EndProject
Project("{9A19103F-16F7-4668-BE54-9A1E7A4F7556}") = "Exemplo2", "Exemplo2\Exemplo2.csproj", "{5FA20458-B430-4C57-8CE0-5F72907CE3FA}"
EndProject
Project("{9A19103F-16F7-4668-BE54-9A1E7A4F7556}") = "Exemplo3", "Exemplo3\Exemplo3.csproj", "{B086CC2F-E0CD-4C4A-A2C3-03E5BCB723EB}"
EndProject
Project("{2150E333-8FDC-42A3-9474-1A3956D46DE8}") = "Aula 02 - Variaveis e Tipos", "Aula 02 - Variaveis e Tipos", "{848562CB-3902-43D4-BE4C-F5C4CBC53C70}"
EndProject
Project("{2150E333-8FDC-42A3-9474-1A3956D46DE8}") = "Aula 03 - Nullable Types", "Aula 03 - Nullable Types", "{E2DE008D-D43F-4BBE-BBB4-DFF25C63DCA7}"
EndProject
Project("{9A19103F-16F7-4668-BE54-9A1E7A4F7556}") = "ExemploNullableTypes", "ExemploNullableTypes\ExemploNullableTypes.csproj", "{8C3E2961-57FF-41A8-A301-7F075CAB9C2F}"
EndProject
Project("{9A19103F-16F7-4668-BE54-9A1E7A4F7556}") = "ExemploNullableTypes2", "ExemploNullableTypes2\ExemploNullableTypes2.csproj", "{25F914E6-9BC4-4108-93A0-AD1D1ABDC81D}"
EndProject
Project("{2150E333-8FDC-42A3-9474-1A3956D46DE8}") = "Aula 04 - Variaveis Implicitas Tipadas", "Aula 04 - Variaveis Implicitas Tipadas", "{E3DDDCC4-C330-4D1D-AA7F-4930F72FA370}"
EndProject
Project("{9A19103F-16F7-4668-BE54-9A1E7A4F7556}") = "ExemploVariavelTipada1", "ExemploVariavelTipada1\ExemploVariavelTipada1.csproj", "{E6E7657A-C478-4DBD-B297-2464CB49FC57}"
EndProject
Project("{2150E333-8FDC-42A3-9474-1A3956D46DE8}") = "Aula 05 - Estruturas de Decisão", "Aula 05 - Estruturas de Decisão", "{40A8F7C5-2215-4B2B-8E81-E55C0ABF60BA}"
EndProject
Project("{9A19103F-16F7-4668-BE54-9A1E7A4F7556}") = "ExemploEstruturasDecisao01", "ExemploEstruturasDecisao01\ExemploEstruturasDecisao01.csproj", "{1E37C140-ABBE-401C-86F3-CAC499F8582E}"
EndProject
Project("{9A19103F-16F7-4668-BE54-9A1E7A4F7556}") = "ExemploEstruturasDecisao02", "ExemploEstruturasDecisao02\ExemploEstruturasDecisao02.csproj", "{CE169EA8-6DDA-41E9-8B31-55A9AB061E0E}"
EndProject
Project("{9A19103F-16F7-4668-BE54-9A1E7A4F7556}") = "ExemploEstruturasDecisao03", "ExemploEstruturasDecisao03\ExemploEstruturasDecisao03.csproj", "{A5698DE4-40FB-474F-97E7-2EF8EC70E278}"
EndProject
Project("{9A19103F-16F7-4668-BE54-9A1E7A4F7556}") = "ExemploEstruturasDecisao04", "ExemploEstruturasDecisao04\ExemploEstruturasDecisao04.csproj", "{5548B5F0-7226-423C-A666-1ACBDA626AB0}"
EndProject
Project("{2150E333-8FDC-42A3-9474-1A3956D46DE8}") = "Aula 06 - Estruturas de Repetição", "Aula 06 - Estruturas de Repetição", "{1C16EC52-CE07-4270-8D96-5584E2C0C5E5}"
EndProject
Project("{9A19103F-16F7-4668-BE54-9A1E7A4F7556}") = "EstruturasDeRepeticao01", "EstruturasDeRepeticao01\EstruturasDeRepeticao01.csproj", "{AD4A296E-A96F-43FD-8958-632D31B6EEE8}"
EndProject
Project("{9A19103F-16F7-4668-BE54-9A1E7A4F7556}") = "EstruturasDeRepeticao02", "EstruturasDeRepeticao02\EstruturasDeRepeticao02.csproj", "{95403A21-74C3-4B7D-9E12-D2A7BFDB7F34}"
EndProject
Project("{9A19103F-16F7-4668-BE54-9A1E7A4F7556}") = "EstruturasDeRepeticao03", "EstruturasDeRepeticao03\EstruturasDeRepeticao03.csproj", "{068D430F-6E13-4D00-8D96-34E44A07E050}"
EndProject
Project("{9A19103F-16F7-4668-BE54-9A1E7A4F7556}") = "EstruturasDeRepeticao04", "EstruturasDeRepeticao04\EstruturasDeRepeticao04.csproj", "{8AB505C5-269D-4294-98EA-B96F6A3FAB14}"
EndProject
Project("{9A19103F-16F7-4668-BE54-9A1E7A4F7556}") = "EstruturasDeRepeticao05", "EstruturasDeRepeticao05\EstruturasDeRepeticao05.csproj", "{B183E30E-7F30-490E-8279-E014D07BCA90}"
EndProject
Project("{9A19103F-16F7-4668-BE54-9A1E7A4F7556}") = "EstruturasDeRepeticao06", "EstruturasDeRepeticao06\EstruturasDeRepeticao06.csproj", "{C834A81B-A21C-4C07-98D6-8B1242506306}"
EndProject
Project("{2150E333-8FDC-42A3-9474-1A3956D46DE8}") = "Aula 07 - Switch Case", "Aula 07 - Switch Case", "{D50ECE60-C425-43F3-B1C5-B7AA5ED7526D}"
EndProject
Project("{9A19103F-16F7-4668-BE54-9A1E7A4F7556}") = "SwitchCase01", "SwitchCase01\SwitchCase01.csproj", "{2B13F580-2C10-4E76-9DE9-0AB9F717F626}"
EndProject
Project("{9A19103F-16F7-4668-BE54-9A1E7A4F7556}") = "SwitchCase02", "SwitchCase02\SwitchCase02.csproj", "{BC1960B1-4CD4-48BF-8ED7-7F7933EFB6A9}"
EndProject
Project("{9A19103F-16F7-4668-BE54-9A1E7A4F7556}") = "SwitchCase03", "SwitchCase03\SwitchCase03.csproj", "{CD974F32-DC9D-4241-BD54-C6449E75B95C}"
EndProject
Project("{9A19103F-16F7-4668-BE54-9A1E7A4F7556}") = "SwitchCase04", "SwitchCase04\SwitchCase04.csproj", "{D196F006-E4F4-46D4-B316-CDD8C58D52EC}"
EndProject
Project("{2150E333-8FDC-42A3-9474-1A3956D46DE8}") = "Aula 08 - Conversão de Tipos", "Aula 08 - Conversão de Tipos", "{CF69954C-0048-4E57-886A-0371BA8B5D35}"
EndProject
Project("{9A19103F-16F7-4668-BE54-9A1E7A4F7556}") = "ConversaoTipos01", "ConversaoTipos01\ConversaoTipos01.csproj", "{4D44D76D-40AB-4D4F-BE30-0E839F5A15C3}"
EndProject
Project("{9A19103F-16F7-4668-BE54-9A1E7A4F7556}") = "ConversaoTipos02", "ConversaoTipos02\ConversaoTipos02.csproj", "{6210C1F3-567C-4479-8AC5-3D2EAD10CFC1}"
EndProject
Project("{9A19103F-16F7-4668-BE54-9A1E7A4F7556}") = "ConversaoTipos03", "ConversaoTipos03\ConversaoTipos03.csproj", "{68DAB5B8-7C66-4007-A922-86F685FEE1FB}"
EndProject
Project("{9A19103F-16F7-4668-BE54-9A1E7A4F7556}") = "ConversaoTipos04", "ConversaoTipos04\ConversaoTipos04.csproj", "{739C4C35-D57C-49C5-9353-4443B642A76E}"
EndProject
Project("{2150E333-8FDC-42A3-9474-1A3956D46DE8}") = "Aula 09 - Lógica", "Aula 09 - Lógica", "{BB77E073-85BA-4C0E-B111-68161C30BFE2}"
EndProject
Project("{9A19103F-16F7-4668-BE54-9A1E7A4F7556}") = "Exercicio01", "LogicaProgramacao01\Exercicio01.csproj", "{E3D987C1-40AD-446C-AA48-B0A5EF24D57A}"
EndProject
Project("{2150E333-8FDC-42A3-9474-1A3956D46DE8}") = "Exercicios", "Exercicios", "{B249B31D-3044-4952-88D2-3C1CF9AFA9A4}"
EndProject
Project("{9A19103F-16F7-4668-BE54-9A1E7A4F7556}") = "LogicaDeProgramacao01", "LogicaDeProgramacao01\LogicaDeProgramacao01.csproj", "{9E4E7428-FE5A-4114-8320-A5B5212AF2B9}"
EndProject
Project("{9A19103F-16F7-4668-BE54-9A1E7A4F7556}") = "Exercicio02", "Exercicio02\Exercicio02.csproj", "{50A6ABA4-FC2D-4474-B87D-9FE5CA5FEFBF}"
EndProject
Project("{2150E333-8FDC-42A3-9474-1A3956D46DE8}") = "Aula 10 - Enumeradores", "Aula 10 - Enumeradores", "{482F245D-92A7-439A-B52E-4090C569608C}"
EndProject
Project("{9A19103F-16F7-4668-BE54-9A1E7A4F7556}") = "Enumeradores01", "Enumeradores01\Enumeradores01.csproj", "{AE358C27-9292-45B5-9454-1A494B3BE9A4}"
EndProject
Project("{2150E333-8FDC-42A3-9474-1A3956D46DE8}") = "Aula 11 - Operadores", "Aula 11 - Operadores", "{8F1AC1B6-94CF-4F69-ABB1-4E4566CA4BB5}"
EndProject
Project("{9A19103F-16F7-4668-BE54-9A1E7A4F7556}") = "Operadores01", "Operadores01\Operadores01.csproj", "{63C806D5-E58A-44E5-B5CE-41F089654407}"
EndProject
Project("{9A19103F-16F7-4668-BE54-9A1E7A4F7556}") = "Operadores02", "Operadores02\Operadores02.csproj", "{48A23D48-E54C-4A75-B568-4E4480FEB5D1}"
EndProject
Project("{9A19103F-16F7-4668-BE54-9A1E7A4F7556}") = "Operadores03", "Operadores03\Operadores03.csproj", "{4B3DEC1E-9D4D-4F0E-9351-427994D9CBBA}"
EndProject
Project("{9A19103F-16F7-4668-BE54-9A1E7A4F7556}") = "Operadores04", "Operadores04\Operadores04.csproj", "{7DFFBC4F-8F07-48D0-AA50-4F05680A77B4}"
EndProject
Project("{9A19103F-16F7-4668-BE54-9A1E7A4F7556}") = "Operadores05", "Operadores5\Operadores05.csproj", "{FB526274-98FF-4949-B2D0-8E8B3C2F9EC8}"
EndProject
Project("{9A19103F-16F7-4668-BE54-9A1E7A4F7556}") = "Operadores06", "Operador06\Operadores06.csproj", "{471F1F10-C25F-47AA-97B3-F75EC464FC72}"
EndProject
Project("{9A19103F-16F7-4668-BE54-9A1E7A4F7556}") = "Operador07", "Operador07\Operador07.csproj", "{164BCD22-AEE3-4555-B49D-9DB49A831177}"
EndProject
Project("{9A19103F-16F7-4668-BE54-9A1E7A4F7556}") = "Operadores08", "Operadores08\Operadores08.csproj", "{2CC8EC05-CC89-4532-9972-E960215959B6}"
EndProject
Project("{2150E333-8FDC-42A3-9474-1A3956D46DE8}") = "Aula 12 - Arrays", "Aula 12 - Arrays", "{81E9AD81-1B36-437D-A1B9-A954AC6F2345}"
EndProject
Project("{9A19103F-16F7-4668-BE54-9A1E7A4F7556}") = "Arrays01", "Arrays01\Arrays01.csproj", "{D2CDE08E-2423-4CC3-9E9F-A22CE0E3CFD0}"
EndProject
Project("{9A19103F-16F7-4668-BE54-9A1E7A4F7556}") = "Arrays02", "Arrays02\Arrays02.csproj", "{14C633B3-2582-4A50-94FD-6716428CF833}"
EndProject
Project("{9A19103F-16F7-4668-BE54-9A1E7A4F7556}") = "Arrays03", "Arrays03\Arrays03.csproj", "{34E26A7F-E4BB-42C1-A45A-20FCF19B254E}"
EndProject
Project("{2150E333-8FDC-42A3-9474-1A3956D46DE8}") = "Aula 13 - Namespaces", "Aula 13 - Namespaces", "{106A8869-75D7-423E-AD12-5BCA6C9E22D6}"
EndProject
Project("{9A19103F-16F7-4668-BE54-9A1E7A4F7556}") = "Namespaces01", "Namespaces01\Namespaces01.csproj", "{EF899667-7BBC-4782-99B8-F33F34571775}"
EndProject
Project("{9A19103F-16F7-4668-BE54-9A1E7A4F7556}") = "Namespaces02", "Namespaces02\Namespaces02.csproj", "{E4C714C1-2DB0-49A0-894A-C63BC4817548}"
EndProject
Project("{9A19103F-16F7-4668-BE54-9A1E7A4F7556}") = "Namespaces03", "Namespaces03\Namespaces03.csproj", "{F71F565B-6F7B-4BB9-BBDA-3A3240E25958}"
EndProject
Project("{9A19103F-16F7-4668-BE54-9A1E7A4F7556}") = "Namespaces04", "Namespaces04\Namespaces04.csproj", "{434E860D-EFF3-42E6-9621-90EBD3E4DF5B}"
EndProject
Project("{2150E333-8FDC-42A3-9474-1A3956D46DE8}") = "Aula 14 - Métodos e Funções", "Aula 14 - Métodos e Funções", "{2045B499-F962-4CEF-8173-B02C9578A4E3}"
EndProject
Project("{9A19103F-16F7-4668-BE54-9A1E7A4F7556}") = "Metodos01", "Metodos01\Metodos01.csproj", "{4926674A-F8A5-4622-93F1-8BBDE55D3D34}"
EndProject
Project("{9A19103F-16F7-4668-BE54-9A1E7A4F7556}") = "Metodos02", "Metodos02\Metodos02.csproj", "{34A55BB9-2935-463B-B47A-C6F9F380F60C}"
EndProject
Project("{9A19103F-16F7-4668-BE54-9A1E7A4F7556}") = "Metodos03", "Metodos03\Metodos03.csproj", "{9C192DE5-312B-44BB-A084-8E06D8F8AA20}"
EndProject
Project("{2150E333-8FDC-42A3-9474-1A3956D46DE8}") = "Aula 15 - Parâmetros Opcionais", "Aula 15 - Parâmetros Opcionais", "{E4A3CC96-D3BD-47EB-B915-8986B758B261}"
EndProject
Project("{FAE04EC0-301F-11D3-BF4B-00C04F79EFBC}") = "Parametros01", "Parametros01\Parametros01.csproj", "{E64DF598-6A98-4961-9471-763909E17137}"
EndProject
Project("{2150E333-8FDC-42A3-9474-1A3956D46DE8}") = "Aula 16 - Structs (Estruturas de Dados)", "Aula 16 - Structs (Estruturas de Dados)", "{516CAEA2-45DA-4383-B94A-09F77B0ECC80}"
EndProject
Project("{FAE04EC0-301F-11D3-BF4B-00C04F79EFBC}") = "Estruturas01", "Estruturas01\Estruturas01.csproj", "{C1712692-F173-42F7-9249-BA3867819787}"
EndProject
Project("{FAE04EC0-301F-11D3-BF4B-00C04F79EFBC}") = "Estruturas02", "Estruturas02\Estruturas02.csproj", "{93ADA5DA-D24B-40EA-9A9D-8DF2E6E0B2B7}"
EndProject
Project("{FAE04EC0-301F-11D3-BF4B-00C04F79EFBC}") = "Estruturas03", "Estruturas03\Estruturas03.csproj", "{5BA33D9C-F1CB-421B-9BF3-2F149DAFE79E}"
EndProject
Project("{FAE04EC0-301F-11D3-BF4B-00C04F79EFBC}") = "Estruturas04", "Estruturas04\Estruturas04.csproj", "{A9250CDB-A671-4647-B120-3BDC717639CD}"
EndProject
Project("{FAE04EC0-301F-11D3-BF4B-00C04F79EFBC}") = "Estruturas05", "Estruturas05\Estruturas05.csproj", "{6960C718-033F-4030-9C6D-378016A92107}"
EndProject
Global
	GlobalSection(SolutionConfigurationPlatforms) = preSolution
		Debug|Any CPU = Debug|Any CPU
		Release|Any CPU = Release|Any CPU
	EndGlobalSection
	GlobalSection(ProjectConfigurationPlatforms) = postSolution
		{57D27AF3-93A0-4873-A050-88F0D50C9370}.Debug|Any CPU.ActiveCfg = Debug|Any CPU
		{57D27AF3-93A0-4873-A050-88F0D50C9370}.Debug|Any CPU.Build.0 = Debug|Any CPU
		{57D27AF3-93A0-4873-A050-88F0D50C9370}.Release|Any CPU.ActiveCfg = Release|Any CPU
		{57D27AF3-93A0-4873-A050-88F0D50C9370}.Release|Any CPU.Build.0 = Release|Any CPU
		{5FA20458-B430-4C57-8CE0-5F72907CE3FA}.Debug|Any CPU.ActiveCfg = Debug|Any CPU
		{5FA20458-B430-4C57-8CE0-5F72907CE3FA}.Debug|Any CPU.Build.0 = Debug|Any CPU
		{5FA20458-B430-4C57-8CE0-5F72907CE3FA}.Release|Any CPU.ActiveCfg = Release|Any CPU
		{5FA20458-B430-4C57-8CE0-5F72907CE3FA}.Release|Any CPU.Build.0 = Release|Any CPU
		{B086CC2F-E0CD-4C4A-A2C3-03E5BCB723EB}.Debug|Any CPU.ActiveCfg = Debug|Any CPU
		{B086CC2F-E0CD-4C4A-A2C3-03E5BCB723EB}.Debug|Any CPU.Build.0 = Debug|Any CPU
		{B086CC2F-E0CD-4C4A-A2C3-03E5BCB723EB}.Release|Any CPU.ActiveCfg = Release|Any CPU
		{B086CC2F-E0CD-4C4A-A2C3-03E5BCB723EB}.Release|Any CPU.Build.0 = Release|Any CPU
		{8C3E2961-57FF-41A8-A301-7F075CAB9C2F}.Debug|Any CPU.ActiveCfg = Debug|Any CPU
		{8C3E2961-57FF-41A8-A301-7F075CAB9C2F}.Debug|Any CPU.Build.0 = Debug|Any CPU
		{8C3E2961-57FF-41A8-A301-7F075CAB9C2F}.Release|Any CPU.ActiveCfg = Release|Any CPU
		{8C3E2961-57FF-41A8-A301-7F075CAB9C2F}.Release|Any CPU.Build.0 = Release|Any CPU
		{25F914E6-9BC4-4108-93A0-AD1D1ABDC81D}.Debug|Any CPU.ActiveCfg = Debug|Any CPU
		{25F914E6-9BC4-4108-93A0-AD1D1ABDC81D}.Debug|Any CPU.Build.0 = Debug|Any CPU
		{25F914E6-9BC4-4108-93A0-AD1D1ABDC81D}.Release|Any CPU.ActiveCfg = Release|Any CPU
		{25F914E6-9BC4-4108-93A0-AD1D1ABDC81D}.Release|Any CPU.Build.0 = Release|Any CPU
		{E6E7657A-C478-4DBD-B297-2464CB49FC57}.Debug|Any CPU.ActiveCfg = Debug|Any CPU
		{E6E7657A-C478-4DBD-B297-2464CB49FC57}.Debug|Any CPU.Build.0 = Debug|Any CPU
		{E6E7657A-C478-4DBD-B297-2464CB49FC57}.Release|Any CPU.ActiveCfg = Release|Any CPU
		{E6E7657A-C478-4DBD-B297-2464CB49FC57}.Release|Any CPU.Build.0 = Release|Any CPU
		{1E37C140-ABBE-401C-86F3-CAC499F8582E}.Debug|Any CPU.ActiveCfg = Debug|Any CPU
		{1E37C140-ABBE-401C-86F3-CAC499F8582E}.Debug|Any CPU.Build.0 = Debug|Any CPU
		{1E37C140-ABBE-401C-86F3-CAC499F8582E}.Release|Any CPU.ActiveCfg = Release|Any CPU
		{1E37C140-ABBE-401C-86F3-CAC499F8582E}.Release|Any CPU.Build.0 = Release|Any CPU
		{CE169EA8-6DDA-41E9-8B31-55A9AB061E0E}.Debug|Any CPU.ActiveCfg = Debug|Any CPU
		{CE169EA8-6DDA-41E9-8B31-55A9AB061E0E}.Debug|Any CPU.Build.0 = Debug|Any CPU
		{CE169EA8-6DDA-41E9-8B31-55A9AB061E0E}.Release|Any CPU.ActiveCfg = Release|Any CPU
		{CE169EA8-6DDA-41E9-8B31-55A9AB061E0E}.Release|Any CPU.Build.0 = Release|Any CPU
		{A5698DE4-40FB-474F-97E7-2EF8EC70E278}.Debug|Any CPU.ActiveCfg = Debug|Any CPU
		{A5698DE4-40FB-474F-97E7-2EF8EC70E278}.Debug|Any CPU.Build.0 = Debug|Any CPU
		{A5698DE4-40FB-474F-97E7-2EF8EC70E278}.Release|Any CPU.ActiveCfg = Release|Any CPU
		{A5698DE4-40FB-474F-97E7-2EF8EC70E278}.Release|Any CPU.Build.0 = Release|Any CPU
		{5548B5F0-7226-423C-A666-1ACBDA626AB0}.Debug|Any CPU.ActiveCfg = Debug|Any CPU
		{5548B5F0-7226-423C-A666-1ACBDA626AB0}.Debug|Any CPU.Build.0 = Debug|Any CPU
		{5548B5F0-7226-423C-A666-1ACBDA626AB0}.Release|Any CPU.ActiveCfg = Release|Any CPU
		{5548B5F0-7226-423C-A666-1ACBDA626AB0}.Release|Any CPU.Build.0 = Release|Any CPU
		{AD4A296E-A96F-43FD-8958-632D31B6EEE8}.Debug|Any CPU.ActiveCfg = Debug|Any CPU
		{AD4A296E-A96F-43FD-8958-632D31B6EEE8}.Debug|Any CPU.Build.0 = Debug|Any CPU
		{AD4A296E-A96F-43FD-8958-632D31B6EEE8}.Release|Any CPU.ActiveCfg = Release|Any CPU
		{AD4A296E-A96F-43FD-8958-632D31B6EEE8}.Release|Any CPU.Build.0 = Release|Any CPU
		{95403A21-74C3-4B7D-9E12-D2A7BFDB7F34}.Debug|Any CPU.ActiveCfg = Debug|Any CPU
		{95403A21-74C3-4B7D-9E12-D2A7BFDB7F34}.Debug|Any CPU.Build.0 = Debug|Any CPU
		{95403A21-74C3-4B7D-9E12-D2A7BFDB7F34}.Release|Any CPU.ActiveCfg = Release|Any CPU
		{95403A21-74C3-4B7D-9E12-D2A7BFDB7F34}.Release|Any CPU.Build.0 = Release|Any CPU
		{068D430F-6E13-4D00-8D96-34E44A07E050}.Debug|Any CPU.ActiveCfg = Debug|Any CPU
		{068D430F-6E13-4D00-8D96-34E44A07E050}.Debug|Any CPU.Build.0 = Debug|Any CPU
		{068D430F-6E13-4D00-8D96-34E44A07E050}.Release|Any CPU.ActiveCfg = Release|Any CPU
		{068D430F-6E13-4D00-8D96-34E44A07E050}.Release|Any CPU.Build.0 = Release|Any CPU
		{8AB505C5-269D-4294-98EA-B96F6A3FAB14}.Debug|Any CPU.ActiveCfg = Debug|Any CPU
		{8AB505C5-269D-4294-98EA-B96F6A3FAB14}.Debug|Any CPU.Build.0 = Debug|Any CPU
		{8AB505C5-269D-4294-98EA-B96F6A3FAB14}.Release|Any CPU.ActiveCfg = Release|Any CPU
		{8AB505C5-269D-4294-98EA-B96F6A3FAB14}.Release|Any CPU.Build.0 = Release|Any CPU
		{B183E30E-7F30-490E-8279-E014D07BCA90}.Debug|Any CPU.ActiveCfg = Debug|Any CPU
		{B183E30E-7F30-490E-8279-E014D07BCA90}.Debug|Any CPU.Build.0 = Debug|Any CPU
		{B183E30E-7F30-490E-8279-E014D07BCA90}.Release|Any CPU.ActiveCfg = Release|Any CPU
		{B183E30E-7F30-490E-8279-E014D07BCA90}.Release|Any CPU.Build.0 = Release|Any CPU
		{C834A81B-A21C-4C07-98D6-8B1242506306}.Debug|Any CPU.ActiveCfg = Debug|Any CPU
		{C834A81B-A21C-4C07-98D6-8B1242506306}.Debug|Any CPU.Build.0 = Debug|Any CPU
		{C834A81B-A21C-4C07-98D6-8B1242506306}.Release|Any CPU.ActiveCfg = Release|Any CPU
		{C834A81B-A21C-4C07-98D6-8B1242506306}.Release|Any CPU.Build.0 = Release|Any CPU
		{2B13F580-2C10-4E76-9DE9-0AB9F717F626}.Debug|Any CPU.ActiveCfg = Debug|Any CPU
		{2B13F580-2C10-4E76-9DE9-0AB9F717F626}.Debug|Any CPU.Build.0 = Debug|Any CPU
		{2B13F580-2C10-4E76-9DE9-0AB9F717F626}.Release|Any CPU.ActiveCfg = Release|Any CPU
		{2B13F580-2C10-4E76-9DE9-0AB9F717F626}.Release|Any CPU.Build.0 = Release|Any CPU
		{BC1960B1-4CD4-48BF-8ED7-7F7933EFB6A9}.Debug|Any CPU.ActiveCfg = Debug|Any CPU
		{BC1960B1-4CD4-48BF-8ED7-7F7933EFB6A9}.Debug|Any CPU.Build.0 = Debug|Any CPU
		{BC1960B1-4CD4-48BF-8ED7-7F7933EFB6A9}.Release|Any CPU.ActiveCfg = Release|Any CPU
		{BC1960B1-4CD4-48BF-8ED7-7F7933EFB6A9}.Release|Any CPU.Build.0 = Release|Any CPU
		{CD974F32-DC9D-4241-BD54-C6449E75B95C}.Debug|Any CPU.ActiveCfg = Debug|Any CPU
		{CD974F32-DC9D-4241-BD54-C6449E75B95C}.Debug|Any CPU.Build.0 = Debug|Any CPU
		{CD974F32-DC9D-4241-BD54-C6449E75B95C}.Release|Any CPU.ActiveCfg = Release|Any CPU
		{CD974F32-DC9D-4241-BD54-C6449E75B95C}.Release|Any CPU.Build.0 = Release|Any CPU
		{D196F006-E4F4-46D4-B316-CDD8C58D52EC}.Debug|Any CPU.ActiveCfg = Debug|Any CPU
		{D196F006-E4F4-46D4-B316-CDD8C58D52EC}.Debug|Any CPU.Build.0 = Debug|Any CPU
		{D196F006-E4F4-46D4-B316-CDD8C58D52EC}.Release|Any CPU.ActiveCfg = Release|Any CPU
		{D196F006-E4F4-46D4-B316-CDD8C58D52EC}.Release|Any CPU.Build.0 = Release|Any CPU
		{4D44D76D-40AB-4D4F-BE30-0E839F5A15C3}.Debug|Any CPU.ActiveCfg = Debug|Any CPU
		{4D44D76D-40AB-4D4F-BE30-0E839F5A15C3}.Debug|Any CPU.Build.0 = Debug|Any CPU
		{4D44D76D-40AB-4D4F-BE30-0E839F5A15C3}.Release|Any CPU.ActiveCfg = Release|Any CPU
		{4D44D76D-40AB-4D4F-BE30-0E839F5A15C3}.Release|Any CPU.Build.0 = Release|Any CPU
		{6210C1F3-567C-4479-8AC5-3D2EAD10CFC1}.Debug|Any CPU.ActiveCfg = Debug|Any CPU
		{6210C1F3-567C-4479-8AC5-3D2EAD10CFC1}.Debug|Any CPU.Build.0 = Debug|Any CPU
		{6210C1F3-567C-4479-8AC5-3D2EAD10CFC1}.Release|Any CPU.ActiveCfg = Release|Any CPU
		{6210C1F3-567C-4479-8AC5-3D2EAD10CFC1}.Release|Any CPU.Build.0 = Release|Any CPU
		{68DAB5B8-7C66-4007-A922-86F685FEE1FB}.Debug|Any CPU.ActiveCfg = Debug|Any CPU
		{68DAB5B8-7C66-4007-A922-86F685FEE1FB}.Debug|Any CPU.Build.0 = Debug|Any CPU
		{68DAB5B8-7C66-4007-A922-86F685FEE1FB}.Release|Any CPU.ActiveCfg = Release|Any CPU
		{68DAB5B8-7C66-4007-A922-86F685FEE1FB}.Release|Any CPU.Build.0 = Release|Any CPU
		{739C4C35-D57C-49C5-9353-4443B642A76E}.Debug|Any CPU.ActiveCfg = Debug|Any CPU
		{739C4C35-D57C-49C5-9353-4443B642A76E}.Debug|Any CPU.Build.0 = Debug|Any CPU
		{739C4C35-D57C-49C5-9353-4443B642A76E}.Release|Any CPU.ActiveCfg = Release|Any CPU
		{739C4C35-D57C-49C5-9353-4443B642A76E}.Release|Any CPU.Build.0 = Release|Any CPU
		{E3D987C1-40AD-446C-AA48-B0A5EF24D57A}.Debug|Any CPU.ActiveCfg = Debug|Any CPU
		{E3D987C1-40AD-446C-AA48-B0A5EF24D57A}.Debug|Any CPU.Build.0 = Debug|Any CPU
		{E3D987C1-40AD-446C-AA48-B0A5EF24D57A}.Release|Any CPU.ActiveCfg = Release|Any CPU
		{E3D987C1-40AD-446C-AA48-B0A5EF24D57A}.Release|Any CPU.Build.0 = Release|Any CPU
		{9E4E7428-FE5A-4114-8320-A5B5212AF2B9}.Debug|Any CPU.ActiveCfg = Debug|Any CPU
		{9E4E7428-FE5A-4114-8320-A5B5212AF2B9}.Debug|Any CPU.Build.0 = Debug|Any CPU
		{9E4E7428-FE5A-4114-8320-A5B5212AF2B9}.Release|Any CPU.ActiveCfg = Release|Any CPU
		{9E4E7428-FE5A-4114-8320-A5B5212AF2B9}.Release|Any CPU.Build.0 = Release|Any CPU
		{50A6ABA4-FC2D-4474-B87D-9FE5CA5FEFBF}.Debug|Any CPU.ActiveCfg = Debug|Any CPU
		{50A6ABA4-FC2D-4474-B87D-9FE5CA5FEFBF}.Debug|Any CPU.Build.0 = Debug|Any CPU
		{50A6ABA4-FC2D-4474-B87D-9FE5CA5FEFBF}.Release|Any CPU.ActiveCfg = Release|Any CPU
		{50A6ABA4-FC2D-4474-B87D-9FE5CA5FEFBF}.Release|Any CPU.Build.0 = Release|Any CPU
		{AE358C27-9292-45B5-9454-1A494B3BE9A4}.Debug|Any CPU.ActiveCfg = Debug|Any CPU
		{AE358C27-9292-45B5-9454-1A494B3BE9A4}.Debug|Any CPU.Build.0 = Debug|Any CPU
		{AE358C27-9292-45B5-9454-1A494B3BE9A4}.Release|Any CPU.ActiveCfg = Release|Any CPU
		{AE358C27-9292-45B5-9454-1A494B3BE9A4}.Release|Any CPU.Build.0 = Release|Any CPU
		{63C806D5-E58A-44E5-B5CE-41F089654407}.Debug|Any CPU.ActiveCfg = Debug|Any CPU
		{63C806D5-E58A-44E5-B5CE-41F089654407}.Debug|Any CPU.Build.0 = Debug|Any CPU
		{63C806D5-E58A-44E5-B5CE-41F089654407}.Release|Any CPU.ActiveCfg = Release|Any CPU
		{63C806D5-E58A-44E5-B5CE-41F089654407}.Release|Any CPU.Build.0 = Release|Any CPU
		{48A23D48-E54C-4A75-B568-4E4480FEB5D1}.Debug|Any CPU.ActiveCfg = Debug|Any CPU
		{48A23D48-E54C-4A75-B568-4E4480FEB5D1}.Debug|Any CPU.Build.0 = Debug|Any CPU
		{48A23D48-E54C-4A75-B568-4E4480FEB5D1}.Release|Any CPU.ActiveCfg = Release|Any CPU
		{48A23D48-E54C-4A75-B568-4E4480FEB5D1}.Release|Any CPU.Build.0 = Release|Any CPU
		{4B3DEC1E-9D4D-4F0E-9351-427994D9CBBA}.Debug|Any CPU.ActiveCfg = Debug|Any CPU
		{4B3DEC1E-9D4D-4F0E-9351-427994D9CBBA}.Debug|Any CPU.Build.0 = Debug|Any CPU
		{4B3DEC1E-9D4D-4F0E-9351-427994D9CBBA}.Release|Any CPU.ActiveCfg = Release|Any CPU
		{4B3DEC1E-9D4D-4F0E-9351-427994D9CBBA}.Release|Any CPU.Build.0 = Release|Any CPU
		{7DFFBC4F-8F07-48D0-AA50-4F05680A77B4}.Debug|Any CPU.ActiveCfg = Debug|Any CPU
		{7DFFBC4F-8F07-48D0-AA50-4F05680A77B4}.Debug|Any CPU.Build.0 = Debug|Any CPU
		{7DFFBC4F-8F07-48D0-AA50-4F05680A77B4}.Release|Any CPU.ActiveCfg = Release|Any CPU
		{7DFFBC4F-8F07-48D0-AA50-4F05680A77B4}.Release|Any CPU.Build.0 = Release|Any CPU
		{FB526274-98FF-4949-B2D0-8E8B3C2F9EC8}.Debug|Any CPU.ActiveCfg = Debug|Any CPU
		{FB526274-98FF-4949-B2D0-8E8B3C2F9EC8}.Debug|Any CPU.Build.0 = Debug|Any CPU
		{FB526274-98FF-4949-B2D0-8E8B3C2F9EC8}.Release|Any CPU.ActiveCfg = Release|Any CPU
		{FB526274-98FF-4949-B2D0-8E8B3C2F9EC8}.Release|Any CPU.Build.0 = Release|Any CPU
		{471F1F10-C25F-47AA-97B3-F75EC464FC72}.Debug|Any CPU.ActiveCfg = Debug|Any CPU
		{471F1F10-C25F-47AA-97B3-F75EC464FC72}.Debug|Any CPU.Build.0 = Debug|Any CPU
		{471F1F10-C25F-47AA-97B3-F75EC464FC72}.Release|Any CPU.ActiveCfg = Release|Any CPU
		{471F1F10-C25F-47AA-97B3-F75EC464FC72}.Release|Any CPU.Build.0 = Release|Any CPU
		{164BCD22-AEE3-4555-B49D-9DB49A831177}.Debug|Any CPU.ActiveCfg = Debug|Any CPU
		{164BCD22-AEE3-4555-B49D-9DB49A831177}.Debug|Any CPU.Build.0 = Debug|Any CPU
		{164BCD22-AEE3-4555-B49D-9DB49A831177}.Release|Any CPU.ActiveCfg = Release|Any CPU
		{164BCD22-AEE3-4555-B49D-9DB49A831177}.Release|Any CPU.Build.0 = Release|Any CPU
		{2CC8EC05-CC89-4532-9972-E960215959B6}.Debug|Any CPU.ActiveCfg = Debug|Any CPU
		{2CC8EC05-CC89-4532-9972-E960215959B6}.Debug|Any CPU.Build.0 = Debug|Any CPU
		{2CC8EC05-CC89-4532-9972-E960215959B6}.Release|Any CPU.ActiveCfg = Release|Any CPU
		{2CC8EC05-CC89-4532-9972-E960215959B6}.Release|Any CPU.Build.0 = Release|Any CPU
		{D2CDE08E-2423-4CC3-9E9F-A22CE0E3CFD0}.Debug|Any CPU.ActiveCfg = Debug|Any CPU
		{D2CDE08E-2423-4CC3-9E9F-A22CE0E3CFD0}.Debug|Any CPU.Build.0 = Debug|Any CPU
		{D2CDE08E-2423-4CC3-9E9F-A22CE0E3CFD0}.Release|Any CPU.ActiveCfg = Release|Any CPU
		{D2CDE08E-2423-4CC3-9E9F-A22CE0E3CFD0}.Release|Any CPU.Build.0 = Release|Any CPU
		{14C633B3-2582-4A50-94FD-6716428CF833}.Debug|Any CPU.ActiveCfg = Debug|Any CPU
		{14C633B3-2582-4A50-94FD-6716428CF833}.Debug|Any CPU.Build.0 = Debug|Any CPU
		{14C633B3-2582-4A50-94FD-6716428CF833}.Release|Any CPU.ActiveCfg = Release|Any CPU
		{14C633B3-2582-4A50-94FD-6716428CF833}.Release|Any CPU.Build.0 = Release|Any CPU
		{34E26A7F-E4BB-42C1-A45A-20FCF19B254E}.Debug|Any CPU.ActiveCfg = Debug|Any CPU
		{34E26A7F-E4BB-42C1-A45A-20FCF19B254E}.Debug|Any CPU.Build.0 = Debug|Any CPU
		{34E26A7F-E4BB-42C1-A45A-20FCF19B254E}.Release|Any CPU.ActiveCfg = Release|Any CPU
		{34E26A7F-E4BB-42C1-A45A-20FCF19B254E}.Release|Any CPU.Build.0 = Release|Any CPU
		{EF899667-7BBC-4782-99B8-F33F34571775}.Debug|Any CPU.ActiveCfg = Debug|Any CPU
		{EF899667-7BBC-4782-99B8-F33F34571775}.Debug|Any CPU.Build.0 = Debug|Any CPU
		{EF899667-7BBC-4782-99B8-F33F34571775}.Release|Any CPU.ActiveCfg = Release|Any CPU
		{EF899667-7BBC-4782-99B8-F33F34571775}.Release|Any CPU.Build.0 = Release|Any CPU
		{E4C714C1-2DB0-49A0-894A-C63BC4817548}.Debug|Any CPU.ActiveCfg = Debug|Any CPU
		{E4C714C1-2DB0-49A0-894A-C63BC4817548}.Debug|Any CPU.Build.0 = Debug|Any CPU
		{E4C714C1-2DB0-49A0-894A-C63BC4817548}.Release|Any CPU.ActiveCfg = Release|Any CPU
		{E4C714C1-2DB0-49A0-894A-C63BC4817548}.Release|Any CPU.Build.0 = Release|Any CPU
		{F71F565B-6F7B-4BB9-BBDA-3A3240E25958}.Debug|Any CPU.ActiveCfg = Debug|Any CPU
		{F71F565B-6F7B-4BB9-BBDA-3A3240E25958}.Debug|Any CPU.Build.0 = Debug|Any CPU
		{F71F565B-6F7B-4BB9-BBDA-3A3240E25958}.Release|Any CPU.ActiveCfg = Release|Any CPU
		{F71F565B-6F7B-4BB9-BBDA-3A3240E25958}.Release|Any CPU.Build.0 = Release|Any CPU
		{434E860D-EFF3-42E6-9621-90EBD3E4DF5B}.Debug|Any CPU.ActiveCfg = Debug|Any CPU
		{434E860D-EFF3-42E6-9621-90EBD3E4DF5B}.Debug|Any CPU.Build.0 = Debug|Any CPU
		{434E860D-EFF3-42E6-9621-90EBD3E4DF5B}.Release|Any CPU.ActiveCfg = Release|Any CPU
		{434E860D-EFF3-42E6-9621-90EBD3E4DF5B}.Release|Any CPU.Build.0 = Release|Any CPU
		{4926674A-F8A5-4622-93F1-8BBDE55D3D34}.Debug|Any CPU.ActiveCfg = Debug|Any CPU
		{4926674A-F8A5-4622-93F1-8BBDE55D3D34}.Debug|Any CPU.Build.0 = Debug|Any CPU
		{4926674A-F8A5-4622-93F1-8BBDE55D3D34}.Release|Any CPU.ActiveCfg = Release|Any CPU
		{4926674A-F8A5-4622-93F1-8BBDE55D3D34}.Release|Any CPU.Build.0 = Release|Any CPU
		{34A55BB9-2935-463B-B47A-C6F9F380F60C}.Debug|Any CPU.ActiveCfg = Debug|Any CPU
		{34A55BB9-2935-463B-B47A-C6F9F380F60C}.Debug|Any CPU.Build.0 = Debug|Any CPU
		{34A55BB9-2935-463B-B47A-C6F9F380F60C}.Release|Any CPU.ActiveCfg = Release|Any CPU
		{34A55BB9-2935-463B-B47A-C6F9F380F60C}.Release|Any CPU.Build.0 = Release|Any CPU
		{9C192DE5-312B-44BB-A084-8E06D8F8AA20}.Debug|Any CPU.ActiveCfg = Debug|Any CPU
		{9C192DE5-312B-44BB-A084-8E06D8F8AA20}.Debug|Any CPU.Build.0 = Debug|Any CPU
		{9C192DE5-312B-44BB-A084-8E06D8F8AA20}.Release|Any CPU.ActiveCfg = Release|Any CPU
		{9C192DE5-312B-44BB-A084-8E06D8F8AA20}.Release|Any CPU.Build.0 = Release|Any CPU
		{E64DF598-6A98-4961-9471-763909E17137}.Debug|Any CPU.ActiveCfg = Debug|Any CPU
		{E64DF598-6A98-4961-9471-763909E17137}.Debug|Any CPU.Build.0 = Debug|Any CPU
		{E64DF598-6A98-4961-9471-763909E17137}.Release|Any CPU.ActiveCfg = Release|Any CPU
		{E64DF598-6A98-4961-9471-763909E17137}.Release|Any CPU.Build.0 = Release|Any CPU
		{C1712692-F173-42F7-9249-BA3867819787}.Debug|Any CPU.ActiveCfg = Debug|Any CPU
		{C1712692-F173-42F7-9249-BA3867819787}.Debug|Any CPU.Build.0 = Debug|Any CPU
		{C1712692-F173-42F7-9249-BA3867819787}.Release|Any CPU.ActiveCfg = Release|Any CPU
		{C1712692-F173-42F7-9249-BA3867819787}.Release|Any CPU.Build.0 = Release|Any CPU
		{93ADA5DA-D24B-40EA-9A9D-8DF2E6E0B2B7}.Debug|Any CPU.ActiveCfg = Debug|Any CPU
		{93ADA5DA-D24B-40EA-9A9D-8DF2E6E0B2B7}.Debug|Any CPU.Build.0 = Debug|Any CPU
		{93ADA5DA-D24B-40EA-9A9D-8DF2E6E0B2B7}.Release|Any CPU.ActiveCfg = Release|Any CPU
		{93ADA5DA-D24B-40EA-9A9D-8DF2E6E0B2B7}.Release|Any CPU.Build.0 = Release|Any CPU
		{5BA33D9C-F1CB-421B-9BF3-2F149DAFE79E}.Debug|Any CPU.ActiveCfg = Debug|Any CPU
		{5BA33D9C-F1CB-421B-9BF3-2F149DAFE79E}.Debug|Any CPU.Build.0 = Debug|Any CPU
		{5BA33D9C-F1CB-421B-9BF3-2F149DAFE79E}.Release|Any CPU.ActiveCfg = Release|Any CPU
		{5BA33D9C-F1CB-421B-9BF3-2F149DAFE79E}.Release|Any CPU.Build.0 = Release|Any CPU
		{A9250CDB-A671-4647-B120-3BDC717639CD}.Debug|Any CPU.ActiveCfg = Debug|Any CPU
		{A9250CDB-A671-4647-B120-3BDC717639CD}.Debug|Any CPU.Build.0 = Debug|Any CPU
		{A9250CDB-A671-4647-B120-3BDC717639CD}.Release|Any CPU.ActiveCfg = Release|Any CPU
		{A9250CDB-A671-4647-B120-3BDC717639CD}.Release|Any CPU.Build.0 = Release|Any CPU
		{6960C718-033F-4030-9C6D-378016A92107}.Debug|Any CPU.ActiveCfg = Debug|Any CPU
		{6960C718-033F-4030-9C6D-378016A92107}.Debug|Any CPU.Build.0 = Debug|Any CPU
		{6960C718-033F-4030-9C6D-378016A92107}.Release|Any CPU.ActiveCfg = Release|Any CPU
		{6960C718-033F-4030-9C6D-378016A92107}.Release|Any CPU.Build.0 = Release|Any CPU
	EndGlobalSection
	GlobalSection(SolutionProperties) = preSolution
		HideSolutionNode = FALSE
	EndGlobalSection
	GlobalSection(NestedProjects) = preSolution
		{57D27AF3-93A0-4873-A050-88F0D50C9370} = {848562CB-3902-43D4-BE4C-F5C4CBC53C70}
		{5FA20458-B430-4C57-8CE0-5F72907CE3FA} = {848562CB-3902-43D4-BE4C-F5C4CBC53C70}
		{B086CC2F-E0CD-4C4A-A2C3-03E5BCB723EB} = {848562CB-3902-43D4-BE4C-F5C4CBC53C70}
		{8C3E2961-57FF-41A8-A301-7F075CAB9C2F} = {E2DE008D-D43F-4BBE-BBB4-DFF25C63DCA7}
		{25F914E6-9BC4-4108-93A0-AD1D1ABDC81D} = {E2DE008D-D43F-4BBE-BBB4-DFF25C63DCA7}
		{E6E7657A-C478-4DBD-B297-2464CB49FC57} = {E3DDDCC4-C330-4D1D-AA7F-4930F72FA370}
		{1E37C140-ABBE-401C-86F3-CAC499F8582E} = {40A8F7C5-2215-4B2B-8E81-E55C0ABF60BA}
		{CE169EA8-6DDA-41E9-8B31-55A9AB061E0E} = {40A8F7C5-2215-4B2B-8E81-E55C0ABF60BA}
		{A5698DE4-40FB-474F-97E7-2EF8EC70E278} = {40A8F7C5-2215-4B2B-8E81-E55C0ABF60BA}
		{5548B5F0-7226-423C-A666-1ACBDA626AB0} = {40A8F7C5-2215-4B2B-8E81-E55C0ABF60BA}
		{AD4A296E-A96F-43FD-8958-632D31B6EEE8} = {1C16EC52-CE07-4270-8D96-5584E2C0C5E5}
		{95403A21-74C3-4B7D-9E12-D2A7BFDB7F34} = {1C16EC52-CE07-4270-8D96-5584E2C0C5E5}
		{068D430F-6E13-4D00-8D96-34E44A07E050} = {1C16EC52-CE07-4270-8D96-5584E2C0C5E5}
		{8AB505C5-269D-4294-98EA-B96F6A3FAB14} = {1C16EC52-CE07-4270-8D96-5584E2C0C5E5}
		{B183E30E-7F30-490E-8279-E014D07BCA90} = {1C16EC52-CE07-4270-8D96-5584E2C0C5E5}
		{C834A81B-A21C-4C07-98D6-8B1242506306} = {1C16EC52-CE07-4270-8D96-5584E2C0C5E5}
		{2B13F580-2C10-4E76-9DE9-0AB9F717F626} = {D50ECE60-C425-43F3-B1C5-B7AA5ED7526D}
		{BC1960B1-4CD4-48BF-8ED7-7F7933EFB6A9} = {D50ECE60-C425-43F3-B1C5-B7AA5ED7526D}
		{CD974F32-DC9D-4241-BD54-C6449E75B95C} = {D50ECE60-C425-43F3-B1C5-B7AA5ED7526D}
		{D196F006-E4F4-46D4-B316-CDD8C58D52EC} = {D50ECE60-C425-43F3-B1C5-B7AA5ED7526D}
		{4D44D76D-40AB-4D4F-BE30-0E839F5A15C3} = {CF69954C-0048-4E57-886A-0371BA8B5D35}
		{6210C1F3-567C-4479-8AC5-3D2EAD10CFC1} = {CF69954C-0048-4E57-886A-0371BA8B5D35}
		{68DAB5B8-7C66-4007-A922-86F685FEE1FB} = {CF69954C-0048-4E57-886A-0371BA8B5D35}
		{739C4C35-D57C-49C5-9353-4443B642A76E} = {CF69954C-0048-4E57-886A-0371BA8B5D35}
		{E3D987C1-40AD-446C-AA48-B0A5EF24D57A} = {B249B31D-3044-4952-88D2-3C1CF9AFA9A4}
		{B249B31D-3044-4952-88D2-3C1CF9AFA9A4} = {BB77E073-85BA-4C0E-B111-68161C30BFE2}
		{9E4E7428-FE5A-4114-8320-A5B5212AF2B9} = {BB77E073-85BA-4C0E-B111-68161C30BFE2}
		{50A6ABA4-FC2D-4474-B87D-9FE5CA5FEFBF} = {B249B31D-3044-4952-88D2-3C1CF9AFA9A4}
		{AE358C27-9292-45B5-9454-1A494B3BE9A4} = {482F245D-92A7-439A-B52E-4090C569608C}
		{63C806D5-E58A-44E5-B5CE-41F089654407} = {8F1AC1B6-94CF-4F69-ABB1-4E4566CA4BB5}
		{48A23D48-E54C-4A75-B568-4E4480FEB5D1} = {8F1AC1B6-94CF-4F69-ABB1-4E4566CA4BB5}
		{4B3DEC1E-9D4D-4F0E-9351-427994D9CBBA} = {8F1AC1B6-94CF-4F69-ABB1-4E4566CA4BB5}
		{7DFFBC4F-8F07-48D0-AA50-4F05680A77B4} = {8F1AC1B6-94CF-4F69-ABB1-4E4566CA4BB5}
		{FB526274-98FF-4949-B2D0-8E8B3C2F9EC8} = {8F1AC1B6-94CF-4F69-ABB1-4E4566CA4BB5}
		{471F1F10-C25F-47AA-97B3-F75EC464FC72} = {8F1AC1B6-94CF-4F69-ABB1-4E4566CA4BB5}
		{164BCD22-AEE3-4555-B49D-9DB49A831177} = {8F1AC1B6-94CF-4F69-ABB1-4E4566CA4BB5}
		{2CC8EC05-CC89-4532-9972-E960215959B6} = {8F1AC1B6-94CF-4F69-ABB1-4E4566CA4BB5}
		{D2CDE08E-2423-4CC3-9E9F-A22CE0E3CFD0} = {81E9AD81-1B36-437D-A1B9-A954AC6F2345}
		{14C633B3-2582-4A50-94FD-6716428CF833} = {81E9AD81-1B36-437D-A1B9-A954AC6F2345}
		{34E26A7F-E4BB-42C1-A45A-20FCF19B254E} = {81E9AD81-1B36-437D-A1B9-A954AC6F2345}
		{EF899667-7BBC-4782-99B8-F33F34571775} = {106A8869-75D7-423E-AD12-5BCA6C9E22D6}
		{E4C714C1-2DB0-49A0-894A-C63BC4817548} = {106A8869-75D7-423E-AD12-5BCA6C9E22D6}
		{F71F565B-6F7B-4BB9-BBDA-3A3240E25958} = {106A8869-75D7-423E-AD12-5BCA6C9E22D6}
		{434E860D-EFF3-42E6-9621-90EBD3E4DF5B} = {106A8869-75D7-423E-AD12-5BCA6C9E22D6}
		{4926674A-F8A5-4622-93F1-8BBDE55D3D34} = {2045B499-F962-4CEF-8173-B02C9578A4E3}
		{34A55BB9-2935-463B-B47A-C6F9F380F60C} = {2045B499-F962-4CEF-8173-B02C9578A4E3}
		{9C192DE5-312B-44BB-A084-8E06D8F8AA20} = {2045B499-F962-4CEF-8173-B02C9578A4E3}
		{E64DF598-6A98-4961-9471-763909E17137} = {E4A3CC96-D3BD-47EB-B915-8986B758B261}
		{C1712692-F173-42F7-9249-BA3867819787} = {516CAEA2-45DA-4383-B94A-09F77B0ECC80}
		{93ADA5DA-D24B-40EA-9A9D-8DF2E6E0B2B7} = {516CAEA2-45DA-4383-B94A-09F77B0ECC80}
		{5BA33D9C-F1CB-421B-9BF3-2F149DAFE79E} = {516CAEA2-45DA-4383-B94A-09F77B0ECC80}
		{A9250CDB-A671-4647-B120-3BDC717639CD} = {516CAEA2-45DA-4383-B94A-09F77B0ECC80}
		{6960C718-033F-4030-9C6D-378016A92107} = {516CAEA2-45DA-4383-B94A-09F77B0ECC80}
	EndGlobalSection
	GlobalSection(ExtensibilityGlobals) = postSolution
		SolutionGuid = {8A3ABA1E-5406-4C51-8865-2E8BF465DEEC}
	EndGlobalSection
EndGlobal
